{
  "name": "bupt-ucloud-woCDP",
  "version": "1.0.0",
  "lockfileVersion": 3,
  "requires": true,
  "packages": {
    "": {
      "name": "bupt-ucloud-woCDP",
      "version": "1.0.0",
      "hasInstallScript": true,
      "license": "MIT",
      "dependencies": {
        "agent-browser": "^0.27.0"
      },
      "bin": {
        "bupt-assignment-courses": "scripts/list-assignment-courses.mjs",
        "bupt-courses": "scripts/list-courses.mjs",
        "bupt-download": "scripts/download-course-file.mjs",
        "bupt-files": "scripts/list-course-files.mjs",
        "bupt-login": "scripts/login.mjs",
        "bupt-submit": "scripts/submit-assignment.mjs",
        "bupt-tasks": "scripts/list-pending-tasks.mjs"
      },
      "engines": {
        "node": ">=18"
      }
    },
    "node_modules/agent-browser": {
      "version": "0.27.0",
      "resolved": "https://registry.npmmirror.com/agent-browser/-/agent-browser-0.27.0.tgz",
      "integrity": "sha512-mmHzVsYFVA6nshNNGJzg83aVMgKpf4h98ytY3pvtJB1Cot0ZyA2bfnkbSngGD56Azkj+GlhVH6qx9DfKOVE0yg==",
      "hasInstallScript": true,
      "license": "Apache-2.0",
      "bin": {
        "agent-browser": "bin/agent-browser.js"
      }
    }
  }
}
